
Microsoft Visual Studio Solution File, Format Version 12.00
Project("{FAE04EC0-301F-11D3-BF4B-00C04F79EFBC}") = "dckr_q", "dckr_q\dckr_q.csproj", "{1B399549-E556-4D7C-8C87-F3013927357E}"
EndProject
Global
	GlobalSection(SolutionConfigurationPlatforms) = preSolution
		Debug|Any CPU = Debug|Any CPU
		Release|Any CPU = Release|Any CPU
	EndGlobalSection
	GlobalSection(ProjectConfigurationPlatforms) = postSolution
		{1B399549-E556-4D7C-8C87-F3013927357E}.Debug|Any CPU.ActiveCfg = Debug|Any CPU
		{1B399549-E556-4D7C-8C87-F3013927357E}.Debug|Any CPU.Build.0 = Debug|Any CPU
		{1B399549-E556-4D7C-8C87-F3013927357E}.Release|Any CPU.ActiveCfg = Release|Any CPU
		{1B399549-E556-4D7C-8C87-F3013927357E}.Release|Any CPU.Build.0 = Release|Any CPU
	EndGlobalSection
EndGlobal
